// !$*UTF8*$!
{
	archiveVersion = 1;
	classes = {
	};
	objectVersion = 56;
	objects = {

/* Begin PBXBuildFile section */
		46A99EFC2B908D990070DB3E /* OnlineStoreApp.swift in Sources */ = {isa = PBXBuildFile; fileRef = 46A99EFB2B908D990070DB3E /* OnlineStoreApp.swift */; };
		46A99EFE2B908D990070DB3E /* ContentView.swift in Sources */ = {isa = PBXBuildFile; fileRef = 46A99EFD2B908D990070DB3E /* ContentView.swift */; };
		46A99F002B908D9A0070DB3E /* Assets.xcassets in Resources */ = {isa = PBXBuildFile; fileRef = 46A99EFF2B908D9A0070DB3E /* Assets.xcassets */; };
		46A99F032B908D9A0070DB3E /* Preview Assets.xcassets in Resources */ = {isa = PBXBuildFile; fileRef = 46A99F022B908D9A0070DB3E /* Preview Assets.xcassets */; };
		46A99F0D2B908D9A0070DB3E /* OnlineStoreTests.swift in Sources */ = {isa = PBXBuildFile; fileRef = 46A99F0C2B908D9A0070DB3E /* OnlineStoreTests.swift */; };
		46A99F172B908D9A0070DB3E /* OnlineStoreUITests.swift in Sources */ = {isa = PBXBuildFile; fileRef = 46A99F162B908D9A0070DB3E /* OnlineStoreUITests.swift */; };
		46A99F192B908D9A0070DB3E /* OnlineStoreUITestsLaunchTests.swift in Sources */ = {isa = PBXBuildFile; fileRef = 46A99F182B908D9A0070DB3E /* OnlineStoreUITestsLaunchTests.swift */; };
/* End PBXBuildFile section */

/* Begin PBXContainerItemProxy section */
		46A99F092B908D9A0070DB3E /* PBXContainerItemProxy */ = {
			isa = PBXContainerItemProxy;
			containerPortal = 46A99EF02B908D990070DB3E /* Project object */;
			proxyType = 1;
			remoteGlobalIDString = 46A99EF72B908D990070DB3E;
			remoteInfo = OnlineStore;
		};
		46A99F132B908D9A0070DB3E /* PBXContainerItemProxy */ = {
			isa = PBXContainerItemProxy;
			containerPortal = 46A99EF02B908D990070DB3E /* Project object */;
			proxyType = 1;
			remoteGlobalIDString = 46A99EF72B908D990070DB3E;
			remoteInfo = OnlineStore;
		};
/* End PBXContainerItemProxy section */

/* Begin PBXFileReference section */
		46A99EF82B908D990070DB3E /* OnlineStore.app */ = {isa = PBXFileReference; explicitFileType = wrapper.application; includeInIndex = 0; path = OnlineStore.app; sourceTree = BUILT_PRODUCTS_DIR; };
		46A99EFB2B908D990070DB3E /* OnlineStoreApp.swift */ = {isa = PBXFileReference; lastKnownFileType = sourcecode.swift; path = OnlineStoreApp.swift; sourceTree = "<group>"; };
		46A99EFD2B908D990070DB3E /* ContentView.swift */ = {isa = PBXFileReference; lastKnownFileType = sourcecode.swift; path = ContentView.swift; sourceTree = "<group>"; };
		46A99EFF2B908D9A0070DB3E /* Assets.xcassets */ = {isa = PBXFileReference; lastKnownFileType = folder.assetcatalog; path = Assets.xcassets; sourceTree = "<group>"; };
		46A99F022B908D9A0070DB3E /* Preview Assets.xcassets */ = {isa = PBXFileReference; lastKnownFileType = folder.assetcatalog; path = "Preview Assets.xcassets"; sourceTree = "<group>"; };
		46A99F082B908D9A0070DB3E /* OnlineStoreTests.xctest */ = {isa = PBXFileReference; explicitFileType = wrapper.cfbundle; includeInIndex = 0; path = OnlineStoreTests.xctest; sourceTree = BUILT_PRODUCTS_DIR; };
		46A99F0C2B908D9A0070DB3E /* OnlineStoreTests.swift */ = {isa = PBXFileReference; lastKnownFileType = sourcecode.swift; path = OnlineStoreTests.swift; sourceTree = "<group>"; };
		46A99F122B908D9A0070DB3E /* OnlineStoreUITests.xctest */ = {isa = PBXFileReference; explicitFileType = wrapper.cfbundle; includeInIndex = 0; path = OnlineStoreUITests.xctest; sourceTree = BUILT_PRODUCTS_DIR; };
		46A99F162B908D9A0070DB3E /* OnlineStoreUITests.swift */ = {isa = PBXFileReference; lastKnownFileType = sourcecode.swift; path = OnlineStoreUITests.swift; sourceTree = "<group>"; };
		46A99F182B908D9A0070DB3E /* OnlineStoreUITestsLaunchTests.swift */ = {isa = PBXFileReference; lastKnownFileType = sourcecode.swift; path = OnlineStoreUITestsLaunchTests.swift; sourceTree = "<group>"; };
/* End PBXFileReference section */

/* Begin PBXFrameworksBuildPhase section */
		46A99EF52B908D990070DB3E /* Frameworks */ = {
			isa = PBXFrameworksBuildPhase;
			buildActionMask = 2147483647;
			files = (
			);
			runOnlyForDeploymentPostprocessing = 0;
		};
		46A99F052B908D9A0070DB3E /* Frameworks */ = {
			isa = PBXFrameworksBuildPhase;
			buildActionMask = 2147483647;
			files = (
			);
			runOnlyForDeploymentPostprocessing = 0;
		};
		46A99F0F2B908D9A0070DB3E /* Frameworks */ = {
			isa = PBXFrameworksBuildPhase;
			buildActionMask = 2147483647;
			files = (
			);
			runOnlyForDeploymentPostprocessing = 0;
		};
/* End PBXFrameworksBuildPhase section */

/* Begin PBXGroup section */
		46A99EEF2B908D990070DB3E = {
			isa = PBXGroup;
			children = (
				46A99EFA2B908D990070DB3E /* OnlineStore */,
				46A99F0B2B908D9A0070DB3E /* OnlineStoreTests */,
				46A99F152B908D9A0070DB3E /* OnlineStoreUITests */,
				46A99EF92B908D990070DB3E /* Products */,
			);
			sourceTree = "<group>";
		};
		46A99EF92B908D990070DB3E /* Products */ = {
			isa = PBXGroup;
			children = (
				46A99EF82B908D990070DB3E /* OnlineStore.app */,
				46A99F082B908D9A0070DB3E /* OnlineStoreTests.xctest */,
				46A99F122B908D9A0070DB3E /* OnlineStoreUITests.xctest */,
			);
			name = Products;
			sourceTree = "<group>";
		};
		46A99EFA2B908D990070DB3E /* OnlineStore */ = {
			isa = PBXGroup;
			children = (
				46A99EFB2B908D990070DB3E /* OnlineStoreApp.swift */,
				46A99EFD2B908D990070DB3E /* ContentView.swift */,
				46A99EFF2B908D9A0070DB3E /* Assets.xcassets */,
				46A99F012B908D9A0070DB3E /* Preview Content */,
			);
			path = OnlineStore;
			sourceTree = "<group>";
		};
		46A99F012B908D9A0070DB3E /* Preview Content */ = {
			isa = PBXGroup;
			children = (
				46A99F022B908D9A0070DB3E /* Preview Assets.xcassets */,
			);
			path = "Preview Content";
			sourceTree = "<group>";
		};
		46A99F0B2B908D9A0070DB3E /* OnlineStoreTests */ = {
			isa = PBXGroup;
			children = (
				46A99F0C2B908D9A0070DB3E /* OnlineStoreTests.swift */,
			);
			path = OnlineStoreTests;
			sourceTree = "<group>";
		};
		46A99F152B908D9A0070DB3E /* OnlineStoreUITests */ = {
			isa = PBXGroup;
			children = (
				46A99F162B908D9A0070DB3E /* OnlineStoreUITests.swift */,
				46A99F182B908D9A0070DB3E /* OnlineStoreUITestsLaunchTests.swift */,
			);
			path = OnlineStoreUITests;
			sourceTree = "<group>";
		};
/* End PBXGroup section */

/* Begin PBXNativeTarget section */
		46A99EF72B908D990070DB3E /* OnlineStore */ = {
			isa = PBXNativeTarget;
			buildConfigurationList = 46A99F1C2B908D9A0070DB3E /* Build configuration list for PBXNativeTarget "OnlineStore" */;
			buildPhases = (
				46A99EF42B908D990070DB3E /* Sources */,
				46A99EF52B908D990070DB3E /* Frameworks */,
				46A99EF62B908D990070DB3E /* Resources */,
			);
			buildRules = (
			);
			dependencies = (
			);
			name = OnlineStore;
			productName = OnlineStore;
			productReference = 46A99EF82B908D990070DB3E /* OnlineStore.app */;
			productType = "com.apple.product-type.application";
		};
		46A99F072B908D9A0070DB3E /* OnlineStoreTests */ = {
			isa = PBXNativeTarget;
			buildConfigurationList = 46A99F1F2B908D9A0070DB3E /* Build configuration list for PBXNativeTarget "OnlineStoreTests" */;
			buildPhases = (
				46A99F042B908D9A0070DB3E /* Sources */,
				46A99F052B908D9A0070DB3E /* Frameworks */,
				46A99F062B908D9A0070DB3E /* Resources */,
			);
			buildRules = (
			);
			dependencies = (
				46A99F0A2B908D9A0070DB3E /* PBXTargetDependency */,
			);
			name = OnlineStoreTests;
			productName = OnlineStoreTests;
			productReference = 46A99F082B908D9A0070DB3E /* OnlineStoreTests.xctest */;
			productType = "com.apple.product-type.bundle.unit-test";
		};
		46A99F112B908D9A0070DB3E /* OnlineStoreUITests */ = {
			isa = PBXNativeTarget;
			buildConfigurationList = 46A99F222B908D9A0070DB3E /* Build configuration list for PBXNativeTarget "OnlineStoreUITests" */;
			buildPhases = (
				46A99F0E2B908D9A0070DB3E /* Sources */,
				46A99F0F2B908D9A0070DB3E /* Frameworks */,
				46A99F102B908D9A0070DB3E /* Resources */,
			);
			buildRules = (
			);
			dependencies = (
				46A99F142B908D9A0070DB3E /* PBXTargetDependency */,
			);
			name = OnlineStoreUITests;
			productName = OnlineStoreUITests;
			productReference = 46A99F122B908D9A0070DB3E /* OnlineStoreUITests.xctest */;
			productType = "com.apple.product-type.bundle.ui-testing";
		};
/* End PBXNativeTarget section */

/* Begin PBXProject section */
		46A99EF02B908D990070DB3E /* Project object */ = {
			isa = PBXProject;
			attributes = {
				BuildIndependentTargetsInParallel = 1;
				LastSwiftUpdateCheck = 1520;
				LastUpgradeCheck = 1520;
				TargetAttributes = {
					46A99EF72B908D990070DB3E = {
						CreatedOnToolsVersion = 15.2;
					};
					46A99F072B908D9A0070DB3E = {
						CreatedOnToolsVersion = 15.2;
						TestTargetID = 46A99EF72B908D990070DB3E;
					};
					46A99F112B908D9A0070DB3E = {
						CreatedOnToolsVersion = 15.2;
						TestTargetID = 46A99EF72B908D990070DB3E;
					};
				};
			};
			buildConfigurationList = 46A99EF32B908D990070DB3E /* Build configuration list for PBXProject "OnlineStore" */;
			compatibilityVersion = "Xcode 14.0";
			developmentRegion = en;
			hasScannedForEncodings = 0;
			knownRegions = (
				en,
				Base,
			);
			mainGroup = 46A99EEF2B908D990070DB3E;
			productRefGroup = 46A99EF92B908D990070DB3E /* Products */;
			projectDirPath = "";
			projectRoot = "";
			targets = (
				46A99EF72B908D990070DB3E /* OnlineStore */,
				46A99F072B908D9A0070DB3E /* OnlineStoreTests */,
				46A99F112B908D9A0070DB3E /* OnlineStoreUITests */,
			);
		};
/* End PBXProject section */

/* Begin PBXResourcesBuildPhase section */
		46A99EF62B908D990070DB3E /* Resources */ = {
			isa = PBXResourcesBuildPhase;
			buildActionMask = 2147483647;
			files = (
				46A99F032B908D9A0070DB3E /* Preview Assets.xcassets in Resources */,
				46A99F002B908D9A0070DB3E /* Assets.xcassets in Resources */,
			);
			runOnlyForDeploymentPostprocessing = 0;
		};
		46A99F062B908D9A0070DB3E /* Resources */ = {
			isa = PBXResourcesBuildPhase;
			buildActionMask = 2147483647;
			files = (
			);
			runOnlyForDeploymentPostprocessing = 0;
		};
		46A99F102B908D9A0070DB3E /* Resources */ = {
			isa = PBXResourcesBuildPhase;
			buildActionMask = 2147483647;
			files = (
			);
			runOnlyForDeploymentPostprocessing = 0;
		};
/* End PBXResourcesBuildPhase section */

/* Begin PBXSourcesBuildPhase section */
		46A99EF42B908D990070DB3E /* Sources */ = {
			isa = PBXSourcesBuildPhase;
			buildActionMask = 2147483647;
			files = (
				46A99EFE2B908D990070DB3E /* ContentView.swift in Sources */,
				46A99EFC2B908D990070DB3E /* OnlineStoreApp.swift in Sources */,
			);
			runOnlyForDeploymentPostprocessing = 0;
		};
		46A99F042B908D9A0070DB3E /* Sources */ = {
			isa = PBXSourcesBuildPhase;
			buildActionMask = 2147483647;
			files = (
				46A99F0D2B908D9A0070DB3E /* OnlineStoreTests.swift in Sources */,
			);
			runOnlyForDeploymentPostprocessing = 0;
		};
		46A99F0E2B908D9A0070DB3E /* Sources */ = {
			isa = PBXSourcesBuildPhase;
			buildActionMask = 2147483647;
			files = (
				46A99F172B908D9A0070DB3E /* OnlineStoreUITests.swift in Sources */,
				46A99F192B908D9A0070DB3E /* OnlineStoreUITestsLaunchTests.swift in Sources */,
			);
			runOnlyForDeploymentPostprocessing = 0;
		};
/* End PBXSourcesBuildPhase section */

/* Begin PBXTargetDependency section */
		46A99F0A2B908D9A0070DB3E /* PBXTargetDependency */ = {
			isa = PBXTargetDependency;
			target = 46A99EF72B908D990070DB3E /* OnlineStore */;
			targetProxy = 46A99F092B908D9A0070DB3E /* PBXContainerItemProxy */;
		};
		46A99F142B908D9A0070DB3E /* PBXTargetDependency */ = {
			isa = PBXTargetDependency;
			target = 46A99EF72B908D990070DB3E /* OnlineStore */;
			targetProxy = 46A99F132B908D9A0070DB3E /* PBXContainerItemProxy */;
		};
/* End PBXTargetDependency section */

/* Begin XCBuildConfiguration section */
		46A99F1A2B908D9A0070DB3E /* Debug */ = {
			isa = XCBuildConfiguration;
			buildSettings = {
				ALWAYS_SEARCH_USER_PATHS = NO;
				ASSETCATALOG_COMPILER_GENERATE_SWIFT_ASSET_SYMBOL_EXTENSIONS = YES;
				CLANG_ANALYZER_NONNULL = YES;
				CLANG_ANALYZER_NUMBER_OBJECT_CONVERSION = YES_AGGRESSIVE;
				CLANG_CXX_LANGUAGE_STANDARD = "gnu++20";
				CLANG_ENABLE_MODULES = YES;
				CLANG_ENABLE_OBJC_ARC = YES;
				CLANG_ENABLE_OBJC_WEAK = YES;
				CLANG_WARN_BLOCK_CAPTURE_AUTORELEASING = YES;
				CLANG_WARN_BOOL_CONVERSION = YES;
				CLANG_WARN_COMMA = YES;
				CLANG_WARN_CONSTANT_CONVERSION = YES;
				CLANG_WARN_DEPRECATED_OBJC_IMPLEMENTATIONS = YES;
				CLANG_WARN_DIRECT_OBJC_ISA_USAGE = YES_ERROR;
				CLANG_WARN_DOCUMENTATION_COMMENTS = YES;
				CLANG_WARN_EMPTY_BODY = YES;
				CLANG_WARN_ENUM_CONVERSION = YES;
				CLANG_WARN_INFINITE_RECURSION = YES;
				CLANG_WARN_INT_CONVERSION = YES;
				CLANG_WARN_NON_LITERAL_NULL_CONVERSION = YES;
				CLANG_WARN_OBJC_IMPLICIT_RETAIN_SELF = YES;
				CLANG_WARN_OBJC_LITERAL_CONVERSION = YES;
				CLANG_WARN_OBJC_ROOT_CLASS = YES_ERROR;
				CLANG_WARN_QUOTED_INCLUDE_IN_FRAMEWORK_HEADER = YES;
				CLANG_WARN_RANGE_LOOP_ANALYSIS = YES;
				CLANG_WARN_STRICT_PROTOTYPES = YES;
				CLANG_WARN_SUSPICIOUS_MOVE = YES;
				CLANG_WARN_UNGUARDED_AVAILABILITY = YES_AGGRESSIVE;
				CLANG_WARN_UNREACHABLE_CODE = YES;
				CLANG_WARN__DUPLICATE_METHOD_MATCH = YES;
				COPY_PHASE_STRIP = NO;
				DEBUG_INFORMATION_FORMAT = dwarf;
				ENABLE_STRICT_OBJC_MSGSEND = YES;
				ENABLE_TESTABILITY = YES;
				ENABLE_USER_SCRIPT_SANDBOXING = YES;
				GCC_C_LANGUAGE_STANDARD = gnu17;
				GCC_DYNAMIC_NO_PIC = NO;
				GCC_NO_COMMON_BLOCKS = YES;
				GCC_OPTIMIZATION_LEVEL = 0;
				GCC_PREPROCESSOR_DEFINITIONS = (
					"DEBUG=1",
					"$(inherited)",
				);
				GCC_WARN_64_TO_32_BIT_CONVERSION = YES;
				GCC_WARN_ABOUT_RETURN_TYPE = YES_ERROR;
				GCC_WARN_UNDECLARED_SELECTOR = YES;
				GCC_WARN_UNINITIALIZED_AUTOS = YES_AGGRESSIVE;
				GCC_WARN_UNUSED_FUNCTION = YES;
				GCC_WARN_UNUSED_VARIABLE = YES;
				IPHONEOS_DEPLOYMENT_TARGET = 17.2;
				LOCALIZATION_PREFERS_STRING_CATALOGS = YES;
				MTL_ENABLE_DEBUG_INFO = INCLUDE_SOURCE;
				MTL_FAST_MATH = YES;
				ONLY_ACTIVE_ARCH = YES;
				SDKROOT = iphoneos;
				SWIFT_ACTIVE_COMPILATION_CONDITIONS = "DEBUG $(inherited)";
				SWIFT_OPTIMIZATION_LEVEL = "-Onone";
			};
			name = Debug;
		};
		46A99F1B2B908D9A0070DB3E /* Release */ = {
			isa = XCBuildConfiguration;
			buildSettings = {
				ALWAYS_SEARCH_USER_PATHS = NO;
				ASSETCATALOG_COMPILER_GENERATE_SWIFT_ASSET_SYMBOL_EXTENSIONS = YES;
				CLANG_ANALYZER_NONNULL = YES;
				CLANG_ANALYZER_NUMBER_OBJECT_CONVERSION = YES_AGGRESSIVE;
				CLANG_CXX_LANGUAGE_STANDARD = "gnu++20";
				CLANG_ENABLE_MODULES = YES;
				CLANG_ENABLE_OBJC_ARC = YES;
				CLANG_ENABLE_OBJC_WEAK = YES;
				CLANG_WARN_BLOCK_CAPTURE_AUTORELEASING = YES;
				CLANG_WARN_BOOL_CONVERSION = YES;
				CLANG_WARN_COMMA = YES;
				CLANG_WARN_CONSTANT_CONVERSION = YES;
				CLANG_WARN_DEPRECATED_OBJC_IMPLEMENTATIONS = YES;
				CLANG_WARN_DIRECT_OBJC_ISA_USAGE = YES_ERROR;
				CLANG_WARN_DOCUMENTATION_COMMENTS = YES;
				CLANG_WARN_EMPTY_BODY = YES;
				CLANG_WARN_ENUM_CONVERSION = YES;
				CLANG_WARN_INFINITE_RECURSION = YES;
				CLANG_WARN_INT_CONVERSION = YES;
				CLANG_WARN_NON_LITERAL_NULL_CONVERSION = YES;
				CLANG_WARN_OBJC_IMPLICIT_RETAIN_SELF = YES;
				CLANG_WARN_OBJC_LITERAL_CONVERSION = YES;
				CLANG_WARN_OBJC_ROOT_CLASS = YES_ERROR;
				CLANG_WARN_QUOTED_INCLUDE_IN_FRAMEWORK_HEADER = YES;
				CLANG_WARN_RANGE_LOOP_ANALYSIS = YES;
				CLANG_WARN_STRICT_PROTOTYPES = YES;
				CLANG_WARN_SUSPICIOUS_MOVE = YES;
				CLANG_WARN_UNGUARDED_AVAILABILITY = YES_AGGRESSIVE;
				CLANG_WARN_UNREACHABLE_CODE = YES;
				CLANG_WARN__DUPLICATE_METHOD_MATCH = YES;
				COPY_PHASE_STRIP = NO;
				DEBUG_INFORMATION_FORMAT = "dwarf-with-dsym";
				ENABLE_NS_ASSERTIONS = NO;
				ENABLE_STRICT_OBJC_MSGSEND = YES;
				ENABLE_USER_SCRIPT_SANDBOXING = YES;
				GCC_C_LANGUAGE_STANDARD = gnu17;
				GCC_NO_COMMON_BLOCKS = YES;
				GCC_WARN_64_TO_32_BIT_CONVERSION = YES;
				GCC_WARN_ABOUT_RETURN_TYPE = YES_ERROR;
				GCC_WARN_UNDECLARED_SELECTOR = YES;
				GCC_WARN_UNINITIALIZED_AUTOS = YES_AGGRESSIVE;
				GCC_WARN_UNUSED_FUNCTION = YES;
				GCC_WARN_UNUSED_VARIABLE = YES;
				IPHONEOS_DEPLOYMENT_TARGET = 17.2;
				LOCALIZATION_PREFERS_STRING_CATALOGS = YES;
				MTL_ENABLE_DEBUG_INFO = NO;
				MTL_FAST_MATH = YES;
				SDKROOT = iphoneos;
				SWIFT_COMPILATION_MODE = wholemodule;
				VALIDATE_PRODUCT = YES;
			};
			name = Release;
		};
		46A99F1D2B908D9A0070DB3E /* Debug */ = {
			isa = XCBuildConfiguration;
			buildSettings = {
				ASSETCATALOG_COMPILER_APPICON_NAME = AppIcon;
				ASSETCATALOG_COMPILER_GLOBAL_ACCENT_COLOR_NAME = AccentColor;
				CODE_SIGN_STYLE = Automatic;
				CURRENT_PROJECT_VERSION = 1;
				DEVELOPMENT_ASSET_PATHS = "\"OnlineStore/Preview Content\"";
				ENABLE_PREVIEWS = YES;
				GENERATE_INFOPLIST_FILE = YES;
				INFOPLIST_KEY_UIApplicationSceneManifest_Generation = YES;
				INFOPLIST_KEY_UIApplicationSupportsIndirectInputEvents = YES;
				INFOPLIST_KEY_UILaunchScreen_Generation = YES;
				INFOPLIST_KEY_UISupportedInterfaceOrientations_iPad = "UIInterfaceOrientationPortrait UIInterfaceOrientationPortraitUpsideDown UIInterfaceOrientationLandscapeLeft UIInterfaceOrientationLandscapeRight";
				INFOPLIST_KEY_UISupportedInterfaceOrientations_iPhone = "UIInterfaceOrientationPortrait UIInterfaceOrientationLandscapeLeft UIInterfaceOrientationLandscapeRight";
				LD_RUNPATH_SEARCH_PATHS = (
					"$(inherited)",
					"@executable_path/Frameworks",
				);
				MARKETING_VERSION = 1.0;
				PRODUCT_BUNDLE_IDENTIFIER = com.sushantdsuwal.OnlineStore;
				PRODUCT_NAME = "$(TARGET_NAME)";
				SWIFT_EMIT_LOC_STRINGS = YES;
				SWIFT_VERSION = 5.0;
				TARGETED_DEVICE_FAMILY = "1,2";
			};
			name = Debug;
		};
		46A99F1E2B908D9A0070DB3E /* Release */ = {
			isa = XCBuildConfiguration;
			buildSettings = {
				ASSETCATALOG_COMPILER_APPICON_NAME = AppIcon;
				ASSETCATALOG_COMPILER_GLOBAL_ACCENT_COLOR_NAME = AccentColor;
				CODE_SIGN_STYLE = Automatic;
				CURRENT_PROJECT_VERSION = 1;
				DEVELOPMENT_ASSET_PATHS = "\"OnlineStore/Preview Content\"";
				ENABLE_PREVIEWS = YES;
				GENERATE_INFOPLIST_FILE = YES;
				INFOPLIST_KEY_UIApplicationSceneManifest_Generation = YES;
				INFOPLIST_KEY_UIApplicationSupportsIndirectInputEvents = YES;
				INFOPLIST_KEY_UILaunchScreen_Generation = YES;
				INFOPLIST_KEY_UISupportedInterfaceOrientations_iPad = "UIInterfaceOrientationPortrait UIInterfaceOrientationPortraitUpsideDown UIInterfaceOrientationLandscapeLeft UIInterfaceOrientationLandscapeRight";
				INFOPLIST_KEY_UISupportedInterfaceOrientations_iPhone = "UIInterfaceOrientationPortrait UIInterfaceOrientationLandscapeLeft UIInterfaceOrientationLandscapeRight";
				LD_RUNPATH_SEARCH_PATHS = (
					"$(inherited)",
					"@executable_path/Frameworks",
				);
				MARKETING_VERSION = 1.0;
				PRODUCT_BUNDLE_IDENTIFIER = com.sushantdsuwal.OnlineStore;
				PRODUCT_NAME = "$(TARGET_NAME)";
				SWIFT_EMIT_LOC_STRINGS = YES;
				SWIFT_VERSION = 5.0;
				TARGETED_DEVICE_FAMILY = "1,2";
			};
			name = Release;
		};
		46A99F202B908D9A0070DB3E /* Debug */ = {
			isa = XCBuildConfiguration;
			buildSettings = {
				ALWAYS_EMBED_SWIFT_STANDARD_LIBRARIES = YES;
				BUNDLE_LOADER = "$(TEST_HOST)";
				CODE_SIGN_STYLE = Automatic;
				CURRENT_PROJECT_VERSION = 1;
				GENERATE_INFOPLIST_FILE = YES;
				IPHONEOS_DEPLOYMENT_TARGET = 17.2;
				MARKETING_VERSION = 1.0;
				PRODUCT_BUNDLE_IDENTIFIER = com.sushantdsuwal.OnlineStoreTests;
				PRODUCT_NAME = "$(TARGET_NAME)";
				SWIFT_EMIT_LOC_STRINGS = NO;
				SWIFT_VERSION = 5.0;
				TARGETED_DEVICE_FAMILY = "1,2";
				TEST_HOST = "$(BUILT_PRODUCTS_DIR)/OnlineStore.app/$(BUNDLE_EXECUTABLE_FOLDER_PATH)/OnlineStore";
			};
			name = Debug;
		};
		46A99F212B908D9A0070DB3E /* Release */ = {
			isa = XCBuildConfiguration;
			buildSettings = {
				ALWAYS_EMBED_SWIFT_STANDARD_LIBRARIES = YES;
				BUNDLE_LOADER = "$(TEST_HOST)";
				CODE_SIGN_STYLE = Automatic;
				CURRENT_PROJECT_VERSION = 1;
				GENERATE_INFOPLIST_FILE = YES;
				IPHONEOS_DEPLOYMENT_TARGET = 17.2;
				MARKETING_VERSION = 1.0;
				PRODUCT_BUNDLE_IDENTIFIER = com.sushantdsuwal.OnlineStoreTests;
				PRODUCT_NAME = "$(TARGET_NAME)";
				SWIFT_EMIT_LOC_STRINGS = NO;
				SWIFT_VERSION = 5.0;
				TARGETED_DEVICE_FAMILY = "1,2";
				TEST_HOST = "$(BUILT_PRODUCTS_DIR)/OnlineStore.app/$(BUNDLE_EXECUTABLE_FOLDER_PATH)/OnlineStore";
			};
			name = Release;
		};
		46A99F232B908D9A0070DB3E /* Debug */ = {
			isa = XCBuildConfiguration;
			buildSettings = {
				ALWAYS_EMBED_SWIFT_STANDARD_LIBRARIES = YES;
				CODE_SIGN_STYLE = Automatic;
				CURRENT_PROJECT_VERSION = 1;
				GENERATE_INFOPLIST_FILE = YES;
				MARKETING_VERSION = 1.0;
				PRODUCT_BUNDLE_IDENTIFIER = com.sushantdsuwal.OnlineStoreUITests;
				PRODUCT_NAME = "$(TARGET_NAME)";
				SWIFT_EMIT_LOC_STRINGS = NO;
				SWIFT_VERSION = 5.0;
				TARGETED_DEVICE_FAMILY = "1,2";
				TEST_TARGET_NAME = OnlineStore;
			};
			name = Debug;
		};
		46A99F242B908D9A0070DB3E /* Release */ = {
			isa = XCBuildConfiguration;
			buildSettings = {
				ALWAYS_EMBED_SWIFT_STANDARD_LIBRARIES = YES;
				CODE_SIGN_STYLE = Automatic;
				CURRENT_PROJECT_VERSION = 1;
				GENERATE_INFOPLIST_FILE = YES;
				MARKETING_VERSION = 1.0;
				PRODUCT_BUNDLE_IDENTIFIER = com.sushantdsuwal.OnlineStoreUITests;
				PRODUCT_NAME = "$(TARGET_NAME)";
				SWIFT_EMIT_LOC_STRINGS = NO;
				SWIFT_VERSION = 5.0;
				TARGETED_DEVICE_FAMILY = "1,2";
				TEST_TARGET_NAME = OnlineStore;
			};
			name = Release;
		};
/* End XCBuildConfiguration section */

/* Begin XCConfigurationList section */
		46A99EF32B908D990070DB3E /* Build configuration list for PBXProject "OnlineStore" */ = {
			isa = XCConfigurationList;
			buildConfigurations = (
				46A99F1A2B908D9A0070DB3E /* Debug */,
				46A99F1B2B908D9A0070DB3E /* Release */,
			);
			defaultConfigurationIsVisible = 0;
			defaultConfigurationName = Release;
		};
		46A99F1C2B908D9A0070DB3E /* Build configuration list for PBXNativeTarget "OnlineStore" */ = {
			isa = XCConfigurationList;
			buildConfigurations = (
				46A99F1D2B908D9A0070DB3E /* Debug */,
				46A99F1E2B908D9A0070DB3E /* Release */,
			);
			defaultConfigurationIsVisible = 0;
			defaultConfigurationName = Release;
		};
		46A99F1F2B908D9A0070DB3E /* Build configuration list for PBXNativeTarget "OnlineStoreTests" */ = {
			isa = XCConfigurationList;
			buildConfigurations = (
				46A99F202B908D9A0070DB3E /* Debug */,
				46A99F212B908D9A0070DB3E /* Release */,
			);
			defaultConfigurationIsVisible = 0;
			defaultConfigurationName = Release;
		};
		46A99F222B908D9A0070DB3E /* Build configuration list for PBXNativeTarget "OnlineStoreUITests" */ = {
			isa = XCConfigurationList;
			buildConfigurations = (
				46A99F232B908D9A0070DB3E /* Debug */,
				46A99F242B908D9A0070DB3E /* Release */,
			);
			defaultConfigurationIsVisible = 0;
			defaultConfigurationName = Release;
		};
/* End XCConfigurationList section */
	};
	rootObject = 46A99EF02B908D990070DB3E /* Project object */;
}
